PODS:
  - OpenTok (2.17.0)
  - "UIView+draggable (1.1.0)"

DEPENDENCIES:
  - OpenTok (= 2.17.0)
  - "UIView+draggable (= 1.1.0)"

SPEC REPOS:
  trunk:
    - OpenTok
    - "UIView+draggable"

SPEC CHECKSUMS:
  OpenTok: 8335775f5556f2b96945b485c00f13eee03daf92
  "UIView+draggable": ddfbeb6bdfdeba63d9ccf32dc9be2b66cc589717

PODFILE CHECKSUM: 31c9c4317eaaca6b2e6159197cea0b62aeec2e0d

COCOAPODS: 1.9.3
